
Microsoft Visual Studio Solution File, Format Version 12.00
# Visual Studio Version 17
VisualStudioVersion = 17.8.34316.72
MinimumVisualStudioVersion = 10.0.40219.1
Project("{9A19103F-16F7-4668-BE54-9A1E7A4F7556}") = "ResourcesAPI", "ResourcesAPI\ResourcesAPI.csproj", "{3C43FE1B-527F-463F-9EC4-DE0E91BAA282}"
EndProject
Project("{FAE04EC0-301F-11D3-BF4B-00C04F79EFBC}") = "ResourcesAPI.UnitTests", "ResourcesAPI.UnitTests\ResourcesAPI.UnitTests.csproj", "{620A2A97-CFEB-4680-8EE3-099924243F27}"
EndProject
Global
	GlobalSection(SolutionConfigurationPlatforms) = preSolution
		Debug|Any CPU = Debug|Any CPU
		Release|Any CPU = Release|Any CPU
	EndGlobalSection
	GlobalSection(ProjectConfigurationPlatforms) = postSolution
		{3C43FE1B-527F-463F-9EC4-DE0E91BAA282}.Debug|Any CPU.ActiveCfg = Debug|Any CPU
		{3C43FE1B-527F-463F-9EC4-DE0E91BAA282}.Debug|Any CPU.Build.0 = Debug|Any CPU
		{3C43FE1B-527F-463F-9EC4-DE0E91BAA282}.Release|Any CPU.ActiveCfg = Release|Any CPU
		{3C43FE1B-527F-463F-9EC4-DE0E91BAA282}.Release|Any CPU.Build.0 = Release|Any CPU
		{620A2A97-CFEB-4680-8EE3-099924243F27}.Debug|Any CPU.ActiveCfg = Debug|Any CPU
		{620A2A97-CFEB-4680-8EE3-099924243F27}.Debug|Any CPU.Build.0 = Debug|Any CPU
		{620A2A97-CFEB-4680-8EE3-099924243F27}.Release|Any CPU.ActiveCfg = Release|Any CPU
		{620A2A97-CFEB-4680-8EE3-099924243F27}.Release|Any CPU.Build.0 = Release|Any CPU
	EndGlobalSection
	GlobalSection(SolutionProperties) = preSolution
		HideSolutionNode = FALSE
	EndGlobalSection
	GlobalSection(ExtensibilityGlobals) = postSolution
		SolutionGuid = {2C9DD291-7DD0-452E-89BC-CE0CD13B31AB}
	EndGlobalSection
EndGlobal
